<?xml version="1.0" encoding="utf-8"?>
<Project ToolsVersion="4.0" xmlns="http://schemas.microsoft.com/developer/msbuild/2003">
  <ItemGroup>
    <Filter Include="Source Files">
      <UniqueIdentifier>{4FC737F1-C7A5-4376-A066-2A32D752A2FF}</UniqueIdentifier>
      <Extensions>cpp;c;cc;cxx;def;odl;idl;hpj;bat;asm;asmx</Extensions>
    </Filter>
    <Filter Include="Header Files">
      <UniqueIdentifier>{93995380-89BD-4b04-88EB-625FBE52EBFB}</UniqueIdentifier>
      <Extensions>h;hpp;hxx;hm;inl;inc;xsd</Extensions>
    </Filter>
  </ItemGroup>
  <ItemGroup>
    <ClCompile Include="engines\EditOperation.cc">
      <Filter>Source Files</Filter>
    </ClCompile>
    <ClCompile Include="engines\MappingFlag.cc">
      <Filter>Source Files</Filter>
    </ClCompile>
    <ClCompile Include="engines\MappingQuality.cc">
      <Filter>Source Files</Filter>
    </ClCompile>
    <ClCompile Include="engines\PairedEnd.cc">
      <Filter>Source Files</Filter>
    </ClCompile>
    <ClCompile Include="engines\QualityScore.cc">
      <Filter>Source Files</Filter>
    </ClCompile>
    <ClCompile Include="engines\ReadName.cc">
      <Filter>Source Files</Filter>
    </ClCompile>
    <ClCompile Include="SAMFile.cc">
      <Filter>Source Files</Filter>
    </ClCompile>
    <ClCompile Include="Engines\MappingOperation.cc">
      <Filter>Source Files</Filter>
    </ClCompile>
    <ClCompile Include="Engines\Reference.cc">
      <Filter>Source Files</Filter>
    </ClCompile>
    <ClCompile Include="Parsers\Record.cc">
      <Filter>Source Files</Filter>
    </ClCompile>
    <ClCompile Include="Parsers\SAMParser.cc">
      <Filter>Source Files</Filter>
    </ClCompile>
    <ClCompile Include="Main.cc">
      <Filter>Source Files</Filter>
    </ClCompile>
    <ClCompile Include="Engines\OptionalField.cc">
      <Filter>Source Files</Filter>
    </ClCompile>
  </ItemGroup>
  <ItemGroup>
    <ClInclude Include="Common.h">
      <Filter>Header Files</Filter>
    </ClInclude>
    <ClInclude Include="Logger.h">
      <Filter>Header Files</Filter>
    </ClInclude>
    <ClInclude Include="SAMFile.h">
      <Filter>Header Files</Filter>
    </ClInclude>
    <ClInclude Include="engines\EditOperation.h">
      <Filter>Header Files</Filter>
    </ClInclude>
    <ClInclude Include="engines\MappingFlag.h">
      <Filter>Header Files</Filter>
    </ClInclude>
    <ClInclude Include="engines\MappingQuality.h">
      <Filter>Header Files</Filter>
    </ClInclude>
    <ClInclude Include="engines\PairedEnd.h">
      <Filter>Header Files</Filter>
    </ClInclude>
    <ClInclude Include="engines\QualityScore.h">
      <Filter>Header Files</Filter>
    </ClInclude>
    <ClInclude Include="engines\ReadName.h">
      <Filter>Header Files</Filter>
    </ClInclude>
    <ClInclude Include="parsers\Parser.h">
      <Filter>Header Files</Filter>
    </ClInclude>
    <ClInclude Include="parsers\Record.h">
      <Filter>Header Files</Filter>
    </ClInclude>
    <ClInclude Include="parsers\SAMParser.h">
      <Filter>Header Files</Filter>
    </ClInclude>
    <ClInclude Include="DZException.h">
      <Filter>Header Files</Filter>
    </ClInclude>
    <ClInclude Include="Engines\Compressor.h">
      <Filter>Header Files</Filter>
    </ClInclude>
    <ClInclude Include="Engines\Decompressor.h">
      <Filter>Header Files</Filter>
    </ClInclude>
    <ClInclude Include="Engines\MappingOperation.h">
      <Filter>Header Files</Filter>
    </ClInclude>
    <ClInclude Include="Engines\Reference.h">
      <Filter>Header Files</Filter>
    </ClInclude>
    <ClInclude Include="Engines\OptionalField.h">
      <Filter>Header Files</Filter>
    </ClInclude>
  </ItemGroup>
</Project>