<?xml version="1.0" encoding="utf-8"?>
<Project ToolsVersion="4.0" xmlns="http://schemas.microsoft.com/developer/msbuild/2003">
  <ItemGroup>
    <Filter Include="Source Files">
      <UniqueIdentifier>{4FC737F1-C7A5-4376-A066-2A32D752A2FF}</UniqueIdentifier>
      <Extensions>cpp;c;cc;cxx;def;odl;idl;hpj;bat;asm;asmx</Extensions>
    </Filter>
    <Filter Include="Header Files">
      <UniqueIdentifier>{93995380-89BD-4b04-88EB-625FBE52EBFB}</UniqueIdentifier>
      <Extensions>h;hpp;hxx;hm;inl;inc;xsd</Extensions>
    </Filter>
    <Filter Include="Resource Files">
      <UniqueIdentifier>{67DA6AB6-F800-4c08-8B7A-83BB121AAD01}</UniqueIdentifier>
      <Extensions>rc;ico;cur;bmp;dlg;rc2;rct;bin;rgs;gif;jpg;jpeg;jpe;resx;tiff;tif;png;wav</Extensions>
    </Filter>
  </ItemGroup>
  <ItemGroup>
    <ClCompile Include="Main.cc">
      <Filter>Source Files</Filter>
    </ClCompile>
    <ClCompile Include="SAMFile.cc">
      <Filter>Source Files</Filter>
    </ClCompile>
    <ClCompile Include="Parsers\Record.cc">
      <Filter>Source Files</Filter>
    </ClCompile>
    <ClCompile Include="Parsers\SAMParser.cc">
      <Filter>Source Files</Filter>
    </ClCompile>
    <ClCompile Include="Streams\Stream.cc">
      <Filter>Source Files</Filter>
    </ClCompile>
    <ClCompile Include="Engines\Engine.cc">
      <Filter>Source Files</Filter>
    </ClCompile>
    <ClCompile Include="Engines\GenericEngine.tcc">
      <Filter>Source Files</Filter>
    </ClCompile>
    <ClCompile Include="Engines\StringEngine.tcc">
      <Filter>Source Files</Filter>
    </ClCompile>
    <ClCompile Include="Fields\EditOperation.cc">
      <Filter>Source Files</Filter>
    </ClCompile>
    <ClCompile Include="Fields\MappingFlag.cc">
      <Filter>Source Files</Filter>
    </ClCompile>
    <ClCompile Include="Fields\MappingQuality.cc">
      <Filter>Source Files</Filter>
    </ClCompile>
    <ClCompile Include="Fields\PairedEnd.cc">
      <Filter>Source Files</Filter>
    </ClCompile>
    <ClCompile Include="Fields\QualityScore.cc">
      <Filter>Source Files</Filter>
    </ClCompile>
    <ClCompile Include="Fields\ReadName.cc">
      <Filter>Source Files</Filter>
    </ClCompile>
    <ClCompile Include="Fields\OptionalField.cc">
      <Filter>Source Files</Filter>
    </ClCompile>
    <ClCompile Include="Fields\MappingOperation.cc">
      <Filter>Source Files</Filter>
    </ClCompile>
    <ClCompile Include="Fields\Reference.cc">
      <Filter>Source Files</Filter>
    </ClCompile>
    <ClCompile Include="Streams\GzipStream.cc">
      <Filter>Source Files</Filter>
    </ClCompile>
  </ItemGroup>
  <ItemGroup>
    <ClInclude Include="Common.h">
      <Filter>Header Files</Filter>
    </ClInclude>
    <ClInclude Include="DZException.h">
      <Filter>Header Files</Filter>
    </ClInclude>
    <ClInclude Include="Logger.h">
      <Filter>Header Files</Filter>
    </ClInclude>
    <ClInclude Include="SAMFile.h">
      <Filter>Header Files</Filter>
    </ClInclude>
    <ClInclude Include="Streams\GzipStream.h">
      <Filter>Header Files</Filter>
    </ClInclude>
    <ClInclude Include="Parsers\Parser.h">
      <Filter>Header Files</Filter>
    </ClInclude>
    <ClInclude Include="Parsers\Record.h">
      <Filter>Header Files</Filter>
    </ClInclude>
    <ClInclude Include="Parsers\SAMParser.h">
      <Filter>Header Files</Filter>
    </ClInclude>
    <ClInclude Include="Streams\Stream.h">
      <Filter>Header Files</Filter>
    </ClInclude>
    <ClInclude Include="Engines\Engine.h">
      <Filter>Header Files</Filter>
    </ClInclude>
    <ClInclude Include="Engines\StringEngine.h">
      <Filter>Header Files</Filter>
    </ClInclude>
    <ClInclude Include="Engines\GenericEngine.h">
      <Filter>Header Files</Filter>
    </ClInclude>
    <ClInclude Include="Fields\EditOperation.h">
      <Filter>Header Files</Filter>
    </ClInclude>
    <ClInclude Include="Fields\MappingFlag.h">
      <Filter>Header Files</Filter>
    </ClInclude>
    <ClInclude Include="Fields\MappingQuality.h">
      <Filter>Header Files</Filter>
    </ClInclude>
    <ClInclude Include="Fields\PairedEnd.h">
      <Filter>Header Files</Filter>
    </ClInclude>
    <ClInclude Include="Fields\QualityScore.h">
      <Filter>Header Files</Filter>
    </ClInclude>
    <ClInclude Include="Fields\ReadName.h">
      <Filter>Header Files</Filter>
    </ClInclude>
    <ClInclude Include="Fields\OptionalField.h">
      <Filter>Header Files</Filter>
    </ClInclude>
    <ClInclude Include="Fields\MappingOperation.h">
      <Filter>Header Files</Filter>
    </ClInclude>
    <ClInclude Include="Fields\Reference.h">
      <Filter>Header Files</Filter>
    </ClInclude>
  </ItemGroup>
</Project>